Microsoft Visual Studio Solution File, Format Version 12.00
# Visual Studio Version 17
VisualStudioVersion = 17.5.2.0
MinimumVisualStudioVersion = 10.0.40219.1
Project("{FAE04EC0-301F-11D3-BF4B-00C04F79EFBC}") = "ChatSphere", "ChatSphere.csproj", "{4E95B137-0392-B960-9917-694F63350F67}"
EndProject
Global
	GlobalSection(SolutionConfigurationPlatforms) = preSolution
		Debug|Any CPU = Debug|Any CPU
		Release|Any CPU = Release|Any CPU
	EndGlobalSection
	GlobalSection(ProjectConfigurationPlatforms) = postSolution
		{4E95B137-0392-B960-9917-694F63350F67}.Debug|Any CPU.ActiveCfg = Debug|Any CPU
		{4E95B137-0392-B960-9917-694F63350F67}.Debug|Any CPU.Build.0 = Debug|Any CPU
		{4E95B137-0392-B960-9917-694F63350F67}.Release|Any CPU.ActiveCfg = Release|Any CPU
		{4E95B137-0392-B960-9917-694F63350F67}.Release|Any CPU.Build.0 = Release|Any CPU
	EndGlobalSection
	GlobalSection(SolutionProperties) = preSolution
		HideSolutionNode = FALSE
	EndGlobalSection
	GlobalSection(ExtensibilityGlobals) = postSolution
		SolutionGuid = {6CFAF00B-AFCB-4F77-80A0-DB371225F8FE}
	EndGlobalSection
EndGlobal
